
Microsoft Visual Studio Solution File, Format Version 12.00
# Visual Studio 15
VisualStudioVersion = 15.0.28307.779
MinimumVisualStudioVersion = 10.0.40219.1
Project("{FAE04EC0-301F-11D3-BF4B-00C04F79EFBC}") = "Parallax.WPF", "Parallax.WPF\Parallax.WPF.csproj", "{56F12D64-CBEF-459B-804F-89EF83DFDA89}"
EndProject
Global
	GlobalSection(SolutionConfigurationPlatforms) = preSolution
		Debug|Any CPU = Debug|Any CPU
		Release|Any CPU = Release|Any CPU
	EndGlobalSection
	GlobalSection(ProjectConfigurationPlatforms) = postSolution
		{56F12D64-CBEF-459B-804F-89EF83DFDA89}.Debug|Any CPU.ActiveCfg = Debug|Any CPU
		{56F12D64-CBEF-459B-804F-89EF83DFDA89}.Debug|Any CPU.Build.0 = Debug|Any CPU
		{56F12D64-CBEF-459B-804F-89EF83DFDA89}.Release|Any CPU.ActiveCfg = Release|Any CPU
		{56F12D64-CBEF-459B-804F-89EF83DFDA89}.Release|Any CPU.Build.0 = Release|Any CPU
	EndGlobalSection
	GlobalSection(SolutionProperties) = preSolution
		HideSolutionNode = FALSE
	EndGlobalSection
	GlobalSection(ExtensibilityGlobals) = postSolution
		SolutionGuid = {F1A16384-8ED0-48E0-B59D-CEC2A0ED6247}
	EndGlobalSection
EndGlobal
